
Microsoft Visual Studio Solution File, Format Version 12.00
# Visual Studio 15
VisualStudioVersion = 15.0.26124.0
MinimumVisualStudioVersion = 15.0.26124.0
Project("{FAE04EC0-301F-11D3-BF4B-00C04F79EFBC}") = "Api", "Api\Api.csproj", "{10995453-869F-4914-B0A0-645259A2D253}"
EndProject
Project("{FAE04EC0-301F-11D3-BF4B-00C04F79EFBC}") = "Test", "Test\Test.csproj", "{30ADEE93-305F-4292-8B89-CD2C3683BFD1}"
EndProject
Global
	GlobalSection(SolutionConfigurationPlatforms) = preSolution
		Debug|Any CPU = Debug|Any CPU
		Debug|x64 = Debug|x64
		Debug|x86 = Debug|x86
		Release|Any CPU = Release|Any CPU
		Release|x64 = Release|x64
		Release|x86 = Release|x86
	EndGlobalSection
	GlobalSection(SolutionProperties) = preSolution
		HideSolutionNode = FALSE
	EndGlobalSection
	GlobalSection(ProjectConfigurationPlatforms) = postSolution
		{10995453-869F-4914-B0A0-645259A2D253}.Debug|Any CPU.ActiveCfg = Debug|Any CPU
		{10995453-869F-4914-B0A0-645259A2D253}.Debug|Any CPU.Build.0 = Debug|Any CPU
		{10995453-869F-4914-B0A0-645259A2D253}.Debug|x64.ActiveCfg = Debug|Any CPU
		{10995453-869F-4914-B0A0-645259A2D253}.Debug|x64.Build.0 = Debug|Any CPU
		{10995453-869F-4914-B0A0-645259A2D253}.Debug|x86.ActiveCfg = Debug|Any CPU
		{10995453-869F-4914-B0A0-645259A2D253}.Debug|x86.Build.0 = Debug|Any CPU
		{10995453-869F-4914-B0A0-645259A2D253}.Release|Any CPU.ActiveCfg = Release|Any CPU
		{10995453-869F-4914-B0A0-645259A2D253}.Release|Any CPU.Build.0 = Release|Any CPU
		{10995453-869F-4914-B0A0-645259A2D253}.Release|x64.ActiveCfg = Release|Any CPU
		{10995453-869F-4914-B0A0-645259A2D253}.Release|x64.Build.0 = Release|Any CPU
		{10995453-869F-4914-B0A0-645259A2D253}.Release|x86.ActiveCfg = Release|Any CPU
		{10995453-869F-4914-B0A0-645259A2D253}.Release|x86.Build.0 = Release|Any CPU
		{30ADEE93-305F-4292-8B89-CD2C3683BFD1}.Debug|Any CPU.ActiveCfg = Debug|Any CPU
		{30ADEE93-305F-4292-8B89-CD2C3683BFD1}.Debug|Any CPU.Build.0 = Debug|Any CPU
		{30ADEE93-305F-4292-8B89-CD2C3683BFD1}.Debug|x64.ActiveCfg = Debug|Any CPU
		{30ADEE93-305F-4292-8B89-CD2C3683BFD1}.Debug|x64.Build.0 = Debug|Any CPU
		{30ADEE93-305F-4292-8B89-CD2C3683BFD1}.Debug|x86.ActiveCfg = Debug|Any CPU
		{30ADEE93-305F-4292-8B89-CD2C3683BFD1}.Debug|x86.Build.0 = Debug|Any CPU
		{30ADEE93-305F-4292-8B89-CD2C3683BFD1}.Release|Any CPU.ActiveCfg = Release|Any CPU
		{30ADEE93-305F-4292-8B89-CD2C3683BFD1}.Release|Any CPU.Build.0 = Release|Any CPU
		{30ADEE93-305F-4292-8B89-CD2C3683BFD1}.Release|x64.ActiveCfg = Release|Any CPU
		{30ADEE93-305F-4292-8B89-CD2C3683BFD1}.Release|x64.Build.0 = Release|Any CPU
		{30ADEE93-305F-4292-8B89-CD2C3683BFD1}.Release|x86.ActiveCfg = Release|Any CPU
		{30ADEE93-305F-4292-8B89-CD2C3683BFD1}.Release|x86.Build.0 = Release|Any CPU
	EndGlobalSection
EndGlobal
